
Microsoft Visual Studio Solution File, Format Version 12.00
# Visual Studio Version 17
VisualStudioVersion = 17.10.35122.118
MinimumVisualStudioVersion = 10.0.40219.1
Project("{8BC9CEB8-8B4A-11D0-8D11-00A0C91BC942}") = "Hello World!", "Hello World!\Hello World!.vcxproj", "{5F37E4E5-A44E-49F9-BEA8-272A5799A25D}"
EndProject
Project("{8BC9CEB8-8B4A-11D0-8D11-00A0C91BC942}") = "Hello there!", "Hello there!\Hello there!.vcxproj", "{22A8BD59-6774-469E-83EB-0CDB87F2EDBA}"
EndProject
Project("{8BC9CEB8-8B4A-11D0-8D11-00A0C91BC942}") = "Hello World with double quotes", "Hello World with double quotes\Hello World with double quotes.vcxproj", "{B09862BD-E701-4455-82F0-0693E0E3C0AF}"
EndProject
Project("{8BC9CEB8-8B4A-11D0-8D11-00A0C91BC942}") = "using namespace std;", "using namespace std;\using namespace std;.vcxproj", "{191FFB46-53A7-445F-9231-D8A4B202645D}"
EndProject
Project("{8BC9CEB8-8B4A-11D0-8D11-00A0C91BC942}") = "Double Hello there with newline", "Double Hello there with newline\Double Hello there with newline.vcxproj", "{12004317-4AAC-4DB3-B449-C79707332568}"
EndProject
Project("{8BC9CEB8-8B4A-11D0-8D11-00A0C91BC942}") = "Double Hello there without newline", "Double Hello there without newline\Double Hello there without newline.vcxproj", "{0E1C74AB-363D-4783-8EC5-DAC5940A73E3}"
EndProject
Project("{8BC9CEB8-8B4A-11D0-8D11-00A0C91BC942}") = "Personal Info", "Personal Info\Personal Info.vcxproj", "{EBD67DA5-2F66-4A60-B112-EA44085289AD}"
EndProject
Project("{8BC9CEB8-8B4A-11D0-8D11-00A0C91BC942}") = "ASCII Triangle", "ASCII Triangle\ASCII Triangle.vcxproj", "{71D0286B-8B00-4839-9354-3BA60FAB3D08}"
EndProject
Project("{8BC9CEB8-8B4A-11D0-8D11-00A0C91BC942}") = "ASCII Sailboat", "ASCII Sailboat\ASCII Sailboat.vcxproj", "{5FD75A95-9398-43F5-BDA0-62CCE83CA529}"
EndProject
Project("{8BC9CEB8-8B4A-11D0-8D11-00A0C91BC942}") = "t Escape Sequence", "t Escape Sequence\t Escape Sequence.vcxproj", "{17EFEAAE-985F-4BCF-978B-B0DDBBCD0342}"
EndProject
Project("{8BC9CEB8-8B4A-11D0-8D11-00A0C91BC942}") = "Stream Insertion Operator", "Stream Insertion Operator\Stream Insertion Operator.vcxproj", "{0706251E-CA9D-4E0B-A089-44D5C6738B35}"
EndProject
Project("{2150E333-8FDC-42A3-9474-1A3956D46DE8}") = "Tutorial 1 - Basics", "Tutorial 1 - Basics", "{583D3AB5-9A01-459E-A20E-2F213A023D60}"
EndProject
Project("{2150E333-8FDC-42A3-9474-1A3956D46DE8}") = "Tutorial 2 - Data, statements, and variables", "Tutorial 2 - Data statements and variables", "{D59D6BBD-824C-44A2-BCCB-CA6E910A1BEC}"
EndProject
Project("{8BC9CEB8-8B4A-11D0-8D11-00A0C91BC942}") = "Arithmetic Operators", "Arithmetic Operators\Arithmetic Operators.vcxproj", "{7A2560A7-50EC-4C09-BF9A-8748814F0262}"
EndProject
Project("{8BC9CEB8-8B4A-11D0-8D11-00A0C91BC942}") = "503 x 92", "503 x 92\503 x 92.vcxproj", "{9E83D923-8B5D-405D-B684-F52E76351252}"
EndProject
Project("{8BC9CEB8-8B4A-11D0-8D11-00A0C91BC942}") = "5!", "5!\5!.vcxproj", "{9AF3B80C-551B-4351-A76D-BE1487399802}"
EndProject
Project("{8BC9CEB8-8B4A-11D0-8D11-00A0C91BC942}") = "6 times tables", "6 times tables\6 times tables.vcxproj", "{A7BD75BE-475F-4F5A-B8D1-E08A4F83270D}"
EndProject
Project("{8BC9CEB8-8B4A-11D0-8D11-00A0C91BC942}") = "Complex calculation", "Complex calculation\Complex calculation.vcxproj", "{4FC9F032-D086-4F96-9B80-D1F047CB2DB1}"
EndProject
Project("{8BC9CEB8-8B4A-11D0-8D11-00A0C91BC942}") = "Arithmetic mean", "Arithmetic mean\Arithmetic mean.vcxproj", "{691B7CC0-CC27-4EBE-93F0-A6D9E1EC898D}"
EndProject
Project("{8BC9CEB8-8B4A-11D0-8D11-00A0C91BC942}") = "Fractions", "Fractions\Fractions.vcxproj", "{F49B2F1F-BB6C-4FB7-8051-4B84006B2BE2}"
EndProject
Project("{8BC9CEB8-8B4A-11D0-8D11-00A0C91BC942}") = "Exponentials", "Exponentials\Exponentials.vcxproj", "{BCDF551F-0C8C-4F75-B5F0-05829686BB94}"
EndProject
Project("{8BC9CEB8-8B4A-11D0-8D11-00A0C91BC942}") = "Linear Interpolation", "Linear Interpolation\Linear Interpolation.vcxproj", "{75F94365-117F-4A69-B91E-CD690038E084}"
EndProject
Project("{8BC9CEB8-8B4A-11D0-8D11-00A0C91BC942}") = "Percentage", "Percentage\Percentage.vcxproj", "{E673A891-07AD-4EC1-BC91-503E58165CD9}"
EndProject
Project("{8BC9CEB8-8B4A-11D0-8D11-00A0C91BC942}") = "Angles", "Angles\Angles.vcxproj", "{441358BF-1463-4C2E-A0D3-F5594A7C4A98}"
EndProject
Project("{8BC9CEB8-8B4A-11D0-8D11-00A0C91BC942}") = "Euler", "Euler\Euler.vcxproj", "{C69CD255-A0C2-4ECC-BA6B-1E865BD1F868}"
EndProject
Project("{2150E333-8FDC-42A3-9474-1A3956D46DE8}") = "Tutorial 3 - Conditions", "Tutorial 3 - Conditions", "{858FDCC9-E46F-4495-9317-B97E04441130}"
EndProject
Project("{8BC9CEB8-8B4A-11D0-8D11-00A0C91BC942}") = "Comparisons", "Comparisons\Comparisons.vcxproj", "{916FD457-D33C-4FD4-9D2B-288611BB6E4F}"
EndProject
Project("{2150E333-8FDC-42A3-9474-1A3956D46DE8}") = "Grade Calculator", "Grade Calculator", "{1DCB6ECD-14A7-4CAD-9CD2-744F777C8C91}"
EndProject
Project("{8BC9CEB8-8B4A-11D0-8D11-00A0C91BC942}") = "Grade Calculator A", "Grade Calculator A\Grade Calculator A.vcxproj", "{466392AB-6BB6-4C9A-A01A-26F82D44AFFE}"
EndProject
Project("{8BC9CEB8-8B4A-11D0-8D11-00A0C91BC942}") = "Grade Calculator B", "Grade Calculator B\Grade Calculator B.vcxproj", "{CFABC53F-A72E-470A-B604-18EC5372DD58}"
EndProject
Project("{2150E333-8FDC-42A3-9474-1A3956D46DE8}") = "Tutorial 4 - Loops", "Tutorial 4 - Loops", "{875A0F96-F474-47B8-8C13-2C06CB571891}"
EndProject
Project("{8BC9CEB8-8B4A-11D0-8D11-00A0C91BC942}") = "Input sanitization", "Input sanitization\Input sanitization.vcxproj", "{E6A06890-F1C6-4F2F-B6F4-720003AC78A1}"
EndProject
Project("{8BC9CEB8-8B4A-11D0-8D11-00A0C91BC942}") = "Countdown", "Countdown\Countdown.vcxproj", "{B015DC3D-E73F-4E6F-B581-C909CA4FCD29}"
EndProject
Project("{8BC9CEB8-8B4A-11D0-8D11-00A0C91BC942}") = "Action loop", "Action loop\Action loop.vcxproj", "{6BDA9AC1-69D6-4325-BD64-60FE67A74FE8}"
EndProject
Project("{2150E333-8FDC-42A3-9474-1A3956D46DE8}") = "Negative numbers", "Negative numbers", "{F20D2F0C-A412-469D-B203-F012B6A0DD92}"
EndProject
Project("{8BC9CEB8-8B4A-11D0-8D11-00A0C91BC942}") = "Negative numbers sum", "Negative numbers sum\Negative numbers sum.vcxproj", "{CE14DD1E-5323-427C-A543-8536EDB4F6AA}"
EndProject
Project("{8BC9CEB8-8B4A-11D0-8D11-00A0C91BC942}") = "Negative numbers mean", "Negative numbers mean\Negative numbers mean.vcxproj", "{AB4F4412-A197-4B4C-9983-B55ACB9E03E4}"
EndProject
Project("{2150E333-8FDC-42A3-9474-1A3956D46DE8}") = "Tutorial 5 - Functions", "Tutorial 5 - Functions", "{841BEA3C-A623-46A8-A3C1-D6E355FC8610}"
EndProject
Project("{8BC9CEB8-8B4A-11D0-8D11-00A0C91BC942}") = "Square", "Square\Square.vcxproj", "{7751CD1D-D887-4CA4-81EE-24EE978C1536}"
EndProject
Project("{8BC9CEB8-8B4A-11D0-8D11-00A0C91BC942}") = "Multiply by 3", "Multiply by 3\Multiply by 3.vcxproj", "{D98F1324-5D5A-4A1B-A0F4-8D7ED215EEA6}"
EndProject
Project("{8BC9CEB8-8B4A-11D0-8D11-00A0C91BC942}") = "Return string", "Return string\Return string.vcxproj", "{D6AC1A98-A253-44F4-9BB9-EA066C3DC324}"
EndProject
Project("{8BC9CEB8-8B4A-11D0-8D11-00A0C91BC942}") = "Multiply", "Multiply\Multiply.vcxproj", "{7E082D20-71FE-4C07-93BC-DD05F4A572A2}"
EndProject
Project("{8BC9CEB8-8B4A-11D0-8D11-00A0C91BC942}") = "Addition", "Addition\Addition.vcxproj", "{0F6634D4-CF72-4940-934B-B1296E7E16F6}"
EndProject
Project("{8BC9CEB8-8B4A-11D0-8D11-00A0C91BC942}") = "Name", "Name\Name.vcxproj", "{D766D612-677C-4B94-8E23-5D12C91EB6C7}"
EndProject
Project("{8BC9CEB8-8B4A-11D0-8D11-00A0C91BC942}") = "Odd or even", "Odd or even\Odd or even.vcxproj", "{FC62D2F0-BDA1-46DA-A0FC-F5A1622D4E30}"
EndProject
Project("{8BC9CEB8-8B4A-11D0-8D11-00A0C91BC942}") = "Maths functions", "Maths functions\Maths functions.vcxproj", "{17839E26-C804-4DD7-888D-45165775ED57}"
EndProject
Project("{2150E333-8FDC-42A3-9474-1A3956D46DE8}") = "Tutorial 6 - The preprocessor and user-defined types", "Tutorial 6 - The preprocessor and user-defined types", "{B5A470CC-4FA8-4484-9C38-BCCA0CDEC9A3}"
EndProject
Project("{8BC9CEB8-8B4A-11D0-8D11-00A0C91BC942}") = "Header file", "Header file\Header file.vcxproj", "{38308588-1463-4BCE-A089-87159A3012A6}"
EndProject
Project("{8BC9CEB8-8B4A-11D0-8D11-00A0C91BC942}") = "Console", "Console\Console.vcxproj", "{A61F3B97-97C2-4197-906F-C2FF5FBF83EB}"
EndProject
Project("{8BC9CEB8-8B4A-11D0-8D11-00A0C91BC942}") = "Macros", "Macros\Macros.vcxproj", "{AFA91D16-E263-4274-A4CA-FD611D09B703}"
EndProject
Global
	GlobalSection(SolutionConfigurationPlatforms) = preSolution
		Debug|x64 = Debug|x64
		Debug|x86 = Debug|x86
		Release|x64 = Release|x64
		Release|x86 = Release|x86
	EndGlobalSection
	GlobalSection(ProjectConfigurationPlatforms) = postSolution
		{5F37E4E5-A44E-49F9-BEA8-272A5799A25D}.Debug|x64.ActiveCfg = Debug|x64
		{5F37E4E5-A44E-49F9-BEA8-272A5799A25D}.Debug|x64.Build.0 = Debug|x64
		{5F37E4E5-A44E-49F9-BEA8-272A5799A25D}.Debug|x86.ActiveCfg = Debug|Win32
		{5F37E4E5-A44E-49F9-BEA8-272A5799A25D}.Debug|x86.Build.0 = Debug|Win32
		{5F37E4E5-A44E-49F9-BEA8-272A5799A25D}.Release|x64.ActiveCfg = Release|x64
		{5F37E4E5-A44E-49F9-BEA8-272A5799A25D}.Release|x64.Build.0 = Release|x64
		{5F37E4E5-A44E-49F9-BEA8-272A5799A25D}.Release|x86.ActiveCfg = Release|Win32
		{5F37E4E5-A44E-49F9-BEA8-272A5799A25D}.Release|x86.Build.0 = Release|Win32
		{22A8BD59-6774-469E-83EB-0CDB87F2EDBA}.Debug|x64.ActiveCfg = Debug|x64
		{22A8BD59-6774-469E-83EB-0CDB87F2EDBA}.Debug|x64.Build.0 = Debug|x64
		{22A8BD59-6774-469E-83EB-0CDB87F2EDBA}.Debug|x86.ActiveCfg = Debug|Win32
		{22A8BD59-6774-469E-83EB-0CDB87F2EDBA}.Debug|x86.Build.0 = Debug|Win32
		{22A8BD59-6774-469E-83EB-0CDB87F2EDBA}.Release|x64.ActiveCfg = Release|x64
		{22A8BD59-6774-469E-83EB-0CDB87F2EDBA}.Release|x64.Build.0 = Release|x64
		{22A8BD59-6774-469E-83EB-0CDB87F2EDBA}.Release|x86.ActiveCfg = Release|Win32
		{22A8BD59-6774-469E-83EB-0CDB87F2EDBA}.Release|x86.Build.0 = Release|Win32
		{B09862BD-E701-4455-82F0-0693E0E3C0AF}.Debug|x64.ActiveCfg = Debug|x64
		{B09862BD-E701-4455-82F0-0693E0E3C0AF}.Debug|x64.Build.0 = Debug|x64
		{B09862BD-E701-4455-82F0-0693E0E3C0AF}.Debug|x86.ActiveCfg = Debug|Win32
		{B09862BD-E701-4455-82F0-0693E0E3C0AF}.Debug|x86.Build.0 = Debug|Win32
		{B09862BD-E701-4455-82F0-0693E0E3C0AF}.Release|x64.ActiveCfg = Release|x64
		{B09862BD-E701-4455-82F0-0693E0E3C0AF}.Release|x64.Build.0 = Release|x64
		{B09862BD-E701-4455-82F0-0693E0E3C0AF}.Release|x86.ActiveCfg = Release|Win32
		{B09862BD-E701-4455-82F0-0693E0E3C0AF}.Release|x86.Build.0 = Release|Win32
		{191FFB46-53A7-445F-9231-D8A4B202645D}.Debug|x64.ActiveCfg = Debug|x64
		{191FFB46-53A7-445F-9231-D8A4B202645D}.Debug|x64.Build.0 = Debug|x64
		{191FFB46-53A7-445F-9231-D8A4B202645D}.Debug|x86.ActiveCfg = Debug|Win32
		{191FFB46-53A7-445F-9231-D8A4B202645D}.Debug|x86.Build.0 = Debug|Win32
		{191FFB46-53A7-445F-9231-D8A4B202645D}.Release|x64.ActiveCfg = Release|x64
		{191FFB46-53A7-445F-9231-D8A4B202645D}.Release|x64.Build.0 = Release|x64
		{191FFB46-53A7-445F-9231-D8A4B202645D}.Release|x86.ActiveCfg = Release|Win32
		{191FFB46-53A7-445F-9231-D8A4B202645D}.Release|x86.Build.0 = Release|Win32
		{12004317-4AAC-4DB3-B449-C79707332568}.Debug|x64.ActiveCfg = Debug|x64
		{12004317-4AAC-4DB3-B449-C79707332568}.Debug|x64.Build.0 = Debug|x64
		{12004317-4AAC-4DB3-B449-C79707332568}.Debug|x86.ActiveCfg = Debug|Win32
		{12004317-4AAC-4DB3-B449-C79707332568}.Debug|x86.Build.0 = Debug|Win32
		{12004317-4AAC-4DB3-B449-C79707332568}.Release|x64.ActiveCfg = Release|x64
		{12004317-4AAC-4DB3-B449-C79707332568}.Release|x64.Build.0 = Release|x64
		{12004317-4AAC-4DB3-B449-C79707332568}.Release|x86.ActiveCfg = Release|Win32
		{12004317-4AAC-4DB3-B449-C79707332568}.Release|x86.Build.0 = Release|Win32
		{0E1C74AB-363D-4783-8EC5-DAC5940A73E3}.Debug|x64.ActiveCfg = Debug|x64
		{0E1C74AB-363D-4783-8EC5-DAC5940A73E3}.Debug|x64.Build.0 = Debug|x64
		{0E1C74AB-363D-4783-8EC5-DAC5940A73E3}.Debug|x86.ActiveCfg = Debug|Win32
		{0E1C74AB-363D-4783-8EC5-DAC5940A73E3}.Debug|x86.Build.0 = Debug|Win32
		{0E1C74AB-363D-4783-8EC5-DAC5940A73E3}.Release|x64.ActiveCfg = Release|x64
		{0E1C74AB-363D-4783-8EC5-DAC5940A73E3}.Release|x64.Build.0 = Release|x64
		{0E1C74AB-363D-4783-8EC5-DAC5940A73E3}.Release|x86.ActiveCfg = Release|Win32
		{0E1C74AB-363D-4783-8EC5-DAC5940A73E3}.Release|x86.Build.0 = Release|Win32
		{EBD67DA5-2F66-4A60-B112-EA44085289AD}.Debug|x64.ActiveCfg = Debug|x64
		{EBD67DA5-2F66-4A60-B112-EA44085289AD}.Debug|x64.Build.0 = Debug|x64
		{EBD67DA5-2F66-4A60-B112-EA44085289AD}.Debug|x86.ActiveCfg = Debug|Win32
		{EBD67DA5-2F66-4A60-B112-EA44085289AD}.Debug|x86.Build.0 = Debug|Win32
		{EBD67DA5-2F66-4A60-B112-EA44085289AD}.Release|x64.ActiveCfg = Release|x64
		{EBD67DA5-2F66-4A60-B112-EA44085289AD}.Release|x64.Build.0 = Release|x64
		{EBD67DA5-2F66-4A60-B112-EA44085289AD}.Release|x86.ActiveCfg = Release|Win32
		{EBD67DA5-2F66-4A60-B112-EA44085289AD}.Release|x86.Build.0 = Release|Win32
		{71D0286B-8B00-4839-9354-3BA60FAB3D08}.Debug|x64.ActiveCfg = Debug|x64
		{71D0286B-8B00-4839-9354-3BA60FAB3D08}.Debug|x64.Build.0 = Debug|x64
		{71D0286B-8B00-4839-9354-3BA60FAB3D08}.Debug|x86.ActiveCfg = Debug|Win32
		{71D0286B-8B00-4839-9354-3BA60FAB3D08}.Debug|x86.Build.0 = Debug|Win32
		{71D0286B-8B00-4839-9354-3BA60FAB3D08}.Release|x64.ActiveCfg = Release|x64
		{71D0286B-8B00-4839-9354-3BA60FAB3D08}.Release|x64.Build.0 = Release|x64
		{71D0286B-8B00-4839-9354-3BA60FAB3D08}.Release|x86.ActiveCfg = Release|Win32
		{71D0286B-8B00-4839-9354-3BA60FAB3D08}.Release|x86.Build.0 = Release|Win32
		{5FD75A95-9398-43F5-BDA0-62CCE83CA529}.Debug|x64.ActiveCfg = Debug|x64
		{5FD75A95-9398-43F5-BDA0-62CCE83CA529}.Debug|x64.Build.0 = Debug|x64
		{5FD75A95-9398-43F5-BDA0-62CCE83CA529}.Debug|x86.ActiveCfg = Debug|Win32
		{5FD75A95-9398-43F5-BDA0-62CCE83CA529}.Debug|x86.Build.0 = Debug|Win32
		{5FD75A95-9398-43F5-BDA0-62CCE83CA529}.Release|x64.ActiveCfg = Release|x64
		{5FD75A95-9398-43F5-BDA0-62CCE83CA529}.Release|x64.Build.0 = Release|x64
		{5FD75A95-9398-43F5-BDA0-62CCE83CA529}.Release|x86.ActiveCfg = Release|Win32
		{5FD75A95-9398-43F5-BDA0-62CCE83CA529}.Release|x86.Build.0 = Release|Win32
		{17EFEAAE-985F-4BCF-978B-B0DDBBCD0342}.Debug|x64.ActiveCfg = Debug|x64
		{17EFEAAE-985F-4BCF-978B-B0DDBBCD0342}.Debug|x64.Build.0 = Debug|x64
		{17EFEAAE-985F-4BCF-978B-B0DDBBCD0342}.Debug|x86.ActiveCfg = Debug|Win32
		{17EFEAAE-985F-4BCF-978B-B0DDBBCD0342}.Debug|x86.Build.0 = Debug|Win32
		{17EFEAAE-985F-4BCF-978B-B0DDBBCD0342}.Release|x64.ActiveCfg = Release|x64
		{17EFEAAE-985F-4BCF-978B-B0DDBBCD0342}.Release|x64.Build.0 = Release|x64
		{17EFEAAE-985F-4BCF-978B-B0DDBBCD0342}.Release|x86.ActiveCfg = Release|Win32
		{17EFEAAE-985F-4BCF-978B-B0DDBBCD0342}.Release|x86.Build.0 = Release|Win32
		{0706251E-CA9D-4E0B-A089-44D5C6738B35}.Debug|x64.ActiveCfg = Debug|x64
		{0706251E-CA9D-4E0B-A089-44D5C6738B35}.Debug|x64.Build.0 = Debug|x64
		{0706251E-CA9D-4E0B-A089-44D5C6738B35}.Debug|x86.ActiveCfg = Debug|Win32
		{0706251E-CA9D-4E0B-A089-44D5C6738B35}.Debug|x86.Build.0 = Debug|Win32
		{0706251E-CA9D-4E0B-A089-44D5C6738B35}.Release|x64.ActiveCfg = Release|x64
		{0706251E-CA9D-4E0B-A089-44D5C6738B35}.Release|x64.Build.0 = Release|x64
		{0706251E-CA9D-4E0B-A089-44D5C6738B35}.Release|x86.ActiveCfg = Release|Win32
		{0706251E-CA9D-4E0B-A089-44D5C6738B35}.Release|x86.Build.0 = Release|Win32
		{7A2560A7-50EC-4C09-BF9A-8748814F0262}.Debug|x64.ActiveCfg = Debug|x64
		{7A2560A7-50EC-4C09-BF9A-8748814F0262}.Debug|x64.Build.0 = Debug|x64
		{7A2560A7-50EC-4C09-BF9A-8748814F0262}.Debug|x86.ActiveCfg = Debug|Win32
		{7A2560A7-50EC-4C09-BF9A-8748814F0262}.Debug|x86.Build.0 = Debug|Win32
		{7A2560A7-50EC-4C09-BF9A-8748814F0262}.Release|x64.ActiveCfg = Release|x64
		{7A2560A7-50EC-4C09-BF9A-8748814F0262}.Release|x64.Build.0 = Release|x64
		{7A2560A7-50EC-4C09-BF9A-8748814F0262}.Release|x86.ActiveCfg = Release|Win32
		{7A2560A7-50EC-4C09-BF9A-8748814F0262}.Release|x86.Build.0 = Release|Win32
		{9E83D923-8B5D-405D-B684-F52E76351252}.Debug|x64.ActiveCfg = Debug|x64
		{9E83D923-8B5D-405D-B684-F52E76351252}.Debug|x64.Build.0 = Debug|x64
		{9E83D923-8B5D-405D-B684-F52E76351252}.Debug|x86.ActiveCfg = Debug|Win32
		{9E83D923-8B5D-405D-B684-F52E76351252}.Debug|x86.Build.0 = Debug|Win32
		{9E83D923-8B5D-405D-B684-F52E76351252}.Release|x64.ActiveCfg = Release|x64
		{9E83D923-8B5D-405D-B684-F52E76351252}.Release|x64.Build.0 = Release|x64
		{9E83D923-8B5D-405D-B684-F52E76351252}.Release|x86.ActiveCfg = Release|Win32
		{9E83D923-8B5D-405D-B684-F52E76351252}.Release|x86.Build.0 = Release|Win32
		{9AF3B80C-551B-4351-A76D-BE1487399802}.Debug|x64.ActiveCfg = Debug|x64
		{9AF3B80C-551B-4351-A76D-BE1487399802}.Debug|x64.Build.0 = Debug|x64
		{9AF3B80C-551B-4351-A76D-BE1487399802}.Debug|x86.ActiveCfg = Debug|Win32
		{9AF3B80C-551B-4351-A76D-BE1487399802}.Debug|x86.Build.0 = Debug|Win32
		{9AF3B80C-551B-4351-A76D-BE1487399802}.Release|x64.ActiveCfg = Release|x64
		{9AF3B80C-551B-4351-A76D-BE1487399802}.Release|x64.Build.0 = Release|x64
		{9AF3B80C-551B-4351-A76D-BE1487399802}.Release|x86.ActiveCfg = Release|Win32
		{9AF3B80C-551B-4351-A76D-BE1487399802}.Release|x86.Build.0 = Release|Win32
		{A7BD75BE-475F-4F5A-B8D1-E08A4F83270D}.Debug|x64.ActiveCfg = Debug|x64
		{A7BD75BE-475F-4F5A-B8D1-E08A4F83270D}.Debug|x64.Build.0 = Debug|x64
		{A7BD75BE-475F-4F5A-B8D1-E08A4F83270D}.Debug|x86.ActiveCfg = Debug|Win32
		{A7BD75BE-475F-4F5A-B8D1-E08A4F83270D}.Debug|x86.Build.0 = Debug|Win32
		{A7BD75BE-475F-4F5A-B8D1-E08A4F83270D}.Release|x64.ActiveCfg = Release|x64
		{A7BD75BE-475F-4F5A-B8D1-E08A4F83270D}.Release|x64.Build.0 = Release|x64
		{A7BD75BE-475F-4F5A-B8D1-E08A4F83270D}.Release|x86.ActiveCfg = Release|Win32
		{A7BD75BE-475F-4F5A-B8D1-E08A4F83270D}.Release|x86.Build.0 = Release|Win32
		{4FC9F032-D086-4F96-9B80-D1F047CB2DB1}.Debug|x64.ActiveCfg = Debug|x64
		{4FC9F032-D086-4F96-9B80-D1F047CB2DB1}.Debug|x64.Build.0 = Debug|x64
		{4FC9F032-D086-4F96-9B80-D1F047CB2DB1}.Debug|x86.ActiveCfg = Debug|Win32
		{4FC9F032-D086-4F96-9B80-D1F047CB2DB1}.Debug|x86.Build.0 = Debug|Win32
		{4FC9F032-D086-4F96-9B80-D1F047CB2DB1}.Release|x64.ActiveCfg = Release|x64
		{4FC9F032-D086-4F96-9B80-D1F047CB2DB1}.Release|x64.Build.0 = Release|x64
		{4FC9F032-D086-4F96-9B80-D1F047CB2DB1}.Release|x86.ActiveCfg = Release|Win32
		{4FC9F032-D086-4F96-9B80-D1F047CB2DB1}.Release|x86.Build.0 = Release|Win32
		{691B7CC0-CC27-4EBE-93F0-A6D9E1EC898D}.Debug|x64.ActiveCfg = Debug|x64
		{691B7CC0-CC27-4EBE-93F0-A6D9E1EC898D}.Debug|x64.Build.0 = Debug|x64
		{691B7CC0-CC27-4EBE-93F0-A6D9E1EC898D}.Debug|x86.ActiveCfg = Debug|Win32
		{691B7CC0-CC27-4EBE-93F0-A6D9E1EC898D}.Debug|x86.Build.0 = Debug|Win32
		{691B7CC0-CC27-4EBE-93F0-A6D9E1EC898D}.Release|x64.ActiveCfg = Release|x64
		{691B7CC0-CC27-4EBE-93F0-A6D9E1EC898D}.Release|x64.Build.0 = Release|x64
		{691B7CC0-CC27-4EBE-93F0-A6D9E1EC898D}.Release|x86.ActiveCfg = Release|Win32
		{691B7CC0-CC27-4EBE-93F0-A6D9E1EC898D}.Release|x86.Build.0 = Release|Win32
		{F49B2F1F-BB6C-4FB7-8051-4B84006B2BE2}.Debug|x64.ActiveCfg = Debug|x64
		{F49B2F1F-BB6C-4FB7-8051-4B84006B2BE2}.Debug|x64.Build.0 = Debug|x64
		{F49B2F1F-BB6C-4FB7-8051-4B84006B2BE2}.Debug|x86.ActiveCfg = Debug|Win32
		{F49B2F1F-BB6C-4FB7-8051-4B84006B2BE2}.Debug|x86.Build.0 = Debug|Win32
		{F49B2F1F-BB6C-4FB7-8051-4B84006B2BE2}.Release|x64.ActiveCfg = Release|x64
		{F49B2F1F-BB6C-4FB7-8051-4B84006B2BE2}.Release|x64.Build.0 = Release|x64
		{F49B2F1F-BB6C-4FB7-8051-4B84006B2BE2}.Release|x86.ActiveCfg = Release|Win32
		{F49B2F1F-BB6C-4FB7-8051-4B84006B2BE2}.Release|x86.Build.0 = Release|Win32
		{BCDF551F-0C8C-4F75-B5F0-05829686BB94}.Debug|x64.ActiveCfg = Debug|x64
		{BCDF551F-0C8C-4F75-B5F0-05829686BB94}.Debug|x64.Build.0 = Debug|x64
		{BCDF551F-0C8C-4F75-B5F0-05829686BB94}.Debug|x86.ActiveCfg = Debug|Win32
		{BCDF551F-0C8C-4F75-B5F0-05829686BB94}.Debug|x86.Build.0 = Debug|Win32
		{BCDF551F-0C8C-4F75-B5F0-05829686BB94}.Release|x64.ActiveCfg = Release|x64
		{BCDF551F-0C8C-4F75-B5F0-05829686BB94}.Release|x64.Build.0 = Release|x64
		{BCDF551F-0C8C-4F75-B5F0-05829686BB94}.Release|x86.ActiveCfg = Release|Win32
		{BCDF551F-0C8C-4F75-B5F0-05829686BB94}.Release|x86.Build.0 = Release|Win32
		{75F94365-117F-4A69-B91E-CD690038E084}.Debug|x64.ActiveCfg = Debug|x64
		{75F94365-117F-4A69-B91E-CD690038E084}.Debug|x64.Build.0 = Debug|x64
		{75F94365-117F-4A69-B91E-CD690038E084}.Debug|x86.ActiveCfg = Debug|Win32
		{75F94365-117F-4A69-B91E-CD690038E084}.Debug|x86.Build.0 = Debug|Win32
		{75F94365-117F-4A69-B91E-CD690038E084}.Release|x64.ActiveCfg = Release|x64
		{75F94365-117F-4A69-B91E-CD690038E084}.Release|x64.Build.0 = Release|x64
		{75F94365-117F-4A69-B91E-CD690038E084}.Release|x86.ActiveCfg = Release|Win32
		{75F94365-117F-4A69-B91E-CD690038E084}.Release|x86.Build.0 = Release|Win32
		{E673A891-07AD-4EC1-BC91-503E58165CD9}.Debug|x64.ActiveCfg = Debug|x64
		{E673A891-07AD-4EC1-BC91-503E58165CD9}.Debug|x64.Build.0 = Debug|x64
		{E673A891-07AD-4EC1-BC91-503E58165CD9}.Debug|x86.ActiveCfg = Debug|Win32
		{E673A891-07AD-4EC1-BC91-503E58165CD9}.Debug|x86.Build.0 = Debug|Win32
		{E673A891-07AD-4EC1-BC91-503E58165CD9}.Release|x64.ActiveCfg = Release|x64
		{E673A891-07AD-4EC1-BC91-503E58165CD9}.Release|x64.Build.0 = Release|x64
		{E673A891-07AD-4EC1-BC91-503E58165CD9}.Release|x86.ActiveCfg = Release|Win32
		{E673A891-07AD-4EC1-BC91-503E58165CD9}.Release|x86.Build.0 = Release|Win32
		{441358BF-1463-4C2E-A0D3-F5594A7C4A98}.Debug|x64.ActiveCfg = Debug|x64
		{441358BF-1463-4C2E-A0D3-F5594A7C4A98}.Debug|x64.Build.0 = Debug|x64
		{441358BF-1463-4C2E-A0D3-F5594A7C4A98}.Debug|x86.ActiveCfg = Debug|Win32
		{441358BF-1463-4C2E-A0D3-F5594A7C4A98}.Debug|x86.Build.0 = Debug|Win32
		{441358BF-1463-4C2E-A0D3-F5594A7C4A98}.Release|x64.ActiveCfg = Release|x64
		{441358BF-1463-4C2E-A0D3-F5594A7C4A98}.Release|x64.Build.0 = Release|x64
		{441358BF-1463-4C2E-A0D3-F5594A7C4A98}.Release|x86.ActiveCfg = Release|Win32
		{441358BF-1463-4C2E-A0D3-F5594A7C4A98}.Release|x86.Build.0 = Release|Win32
		{C69CD255-A0C2-4ECC-BA6B-1E865BD1F868}.Debug|x64.ActiveCfg = Debug|x64
		{C69CD255-A0C2-4ECC-BA6B-1E865BD1F868}.Debug|x64.Build.0 = Debug|x64
		{C69CD255-A0C2-4ECC-BA6B-1E865BD1F868}.Debug|x86.ActiveCfg = Debug|Win32
		{C69CD255-A0C2-4ECC-BA6B-1E865BD1F868}.Debug|x86.Build.0 = Debug|Win32
		{C69CD255-A0C2-4ECC-BA6B-1E865BD1F868}.Release|x64.ActiveCfg = Release|x64
		{C69CD255-A0C2-4ECC-BA6B-1E865BD1F868}.Release|x64.Build.0 = Release|x64
		{C69CD255-A0C2-4ECC-BA6B-1E865BD1F868}.Release|x86.ActiveCfg = Release|Win32
		{C69CD255-A0C2-4ECC-BA6B-1E865BD1F868}.Release|x86.Build.0 = Release|Win32
		{916FD457-D33C-4FD4-9D2B-288611BB6E4F}.Debug|x64.ActiveCfg = Debug|x64
		{916FD457-D33C-4FD4-9D2B-288611BB6E4F}.Debug|x64.Build.0 = Debug|x64
		{916FD457-D33C-4FD4-9D2B-288611BB6E4F}.Debug|x86.ActiveCfg = Debug|Win32
		{916FD457-D33C-4FD4-9D2B-288611BB6E4F}.Debug|x86.Build.0 = Debug|Win32
		{916FD457-D33C-4FD4-9D2B-288611BB6E4F}.Release|x64.ActiveCfg = Release|x64
		{916FD457-D33C-4FD4-9D2B-288611BB6E4F}.Release|x64.Build.0 = Release|x64
		{916FD457-D33C-4FD4-9D2B-288611BB6E4F}.Release|x86.ActiveCfg = Release|Win32
		{916FD457-D33C-4FD4-9D2B-288611BB6E4F}.Release|x86.Build.0 = Release|Win32
		{466392AB-6BB6-4C9A-A01A-26F82D44AFFE}.Debug|x64.ActiveCfg = Debug|x64
		{466392AB-6BB6-4C9A-A01A-26F82D44AFFE}.Debug|x64.Build.0 = Debug|x64
		{466392AB-6BB6-4C9A-A01A-26F82D44AFFE}.Debug|x86.ActiveCfg = Debug|Win32
		{466392AB-6BB6-4C9A-A01A-26F82D44AFFE}.Debug|x86.Build.0 = Debug|Win32
		{466392AB-6BB6-4C9A-A01A-26F82D44AFFE}.Release|x64.ActiveCfg = Release|x64
		{466392AB-6BB6-4C9A-A01A-26F82D44AFFE}.Release|x64.Build.0 = Release|x64
		{466392AB-6BB6-4C9A-A01A-26F82D44AFFE}.Release|x86.ActiveCfg = Release|Win32
		{466392AB-6BB6-4C9A-A01A-26F82D44AFFE}.Release|x86.Build.0 = Release|Win32
		{CFABC53F-A72E-470A-B604-18EC5372DD58}.Debug|x64.ActiveCfg = Debug|x64
		{CFABC53F-A72E-470A-B604-18EC5372DD58}.Debug|x64.Build.0 = Debug|x64
		{CFABC53F-A72E-470A-B604-18EC5372DD58}.Debug|x86.ActiveCfg = Debug|Win32
		{CFABC53F-A72E-470A-B604-18EC5372DD58}.Debug|x86.Build.0 = Debug|Win32
		{CFABC53F-A72E-470A-B604-18EC5372DD58}.Release|x64.ActiveCfg = Release|x64
		{CFABC53F-A72E-470A-B604-18EC5372DD58}.Release|x64.Build.0 = Release|x64
		{CFABC53F-A72E-470A-B604-18EC5372DD58}.Release|x86.ActiveCfg = Release|Win32
		{CFABC53F-A72E-470A-B604-18EC5372DD58}.Release|x86.Build.0 = Release|Win32
		{E6A06890-F1C6-4F2F-B6F4-720003AC78A1}.Debug|x64.ActiveCfg = Debug|x64
		{E6A06890-F1C6-4F2F-B6F4-720003AC78A1}.Debug|x64.Build.0 = Debug|x64
		{E6A06890-F1C6-4F2F-B6F4-720003AC78A1}.Debug|x86.ActiveCfg = Debug|Win32
		{E6A06890-F1C6-4F2F-B6F4-720003AC78A1}.Debug|x86.Build.0 = Debug|Win32
		{E6A06890-F1C6-4F2F-B6F4-720003AC78A1}.Release|x64.ActiveCfg = Release|x64
		{E6A06890-F1C6-4F2F-B6F4-720003AC78A1}.Release|x64.Build.0 = Release|x64
		{E6A06890-F1C6-4F2F-B6F4-720003AC78A1}.Release|x86.ActiveCfg = Release|Win32
		{E6A06890-F1C6-4F2F-B6F4-720003AC78A1}.Release|x86.Build.0 = Release|Win32
		{B015DC3D-E73F-4E6F-B581-C909CA4FCD29}.Debug|x64.ActiveCfg = Debug|x64
		{B015DC3D-E73F-4E6F-B581-C909CA4FCD29}.Debug|x64.Build.0 = Debug|x64
		{B015DC3D-E73F-4E6F-B581-C909CA4FCD29}.Debug|x86.ActiveCfg = Debug|Win32
		{B015DC3D-E73F-4E6F-B581-C909CA4FCD29}.Debug|x86.Build.0 = Debug|Win32
		{B015DC3D-E73F-4E6F-B581-C909CA4FCD29}.Release|x64.ActiveCfg = Release|x64
		{B015DC3D-E73F-4E6F-B581-C909CA4FCD29}.Release|x64.Build.0 = Release|x64
		{B015DC3D-E73F-4E6F-B581-C909CA4FCD29}.Release|x86.ActiveCfg = Release|Win32
		{B015DC3D-E73F-4E6F-B581-C909CA4FCD29}.Release|x86.Build.0 = Release|Win32
		{6BDA9AC1-69D6-4325-BD64-60FE67A74FE8}.Debug|x64.ActiveCfg = Debug|x64
		{6BDA9AC1-69D6-4325-BD64-60FE67A74FE8}.Debug|x64.Build.0 = Debug|x64
		{6BDA9AC1-69D6-4325-BD64-60FE67A74FE8}.Debug|x86.ActiveCfg = Debug|Win32
		{6BDA9AC1-69D6-4325-BD64-60FE67A74FE8}.Debug|x86.Build.0 = Debug|Win32
		{6BDA9AC1-69D6-4325-BD64-60FE67A74FE8}.Release|x64.ActiveCfg = Release|x64
		{6BDA9AC1-69D6-4325-BD64-60FE67A74FE8}.Release|x64.Build.0 = Release|x64
		{6BDA9AC1-69D6-4325-BD64-60FE67A74FE8}.Release|x86.ActiveCfg = Release|Win32
		{6BDA9AC1-69D6-4325-BD64-60FE67A74FE8}.Release|x86.Build.0 = Release|Win32
		{CE14DD1E-5323-427C-A543-8536EDB4F6AA}.Debug|x64.ActiveCfg = Debug|x64
		{CE14DD1E-5323-427C-A543-8536EDB4F6AA}.Debug|x64.Build.0 = Debug|x64
		{CE14DD1E-5323-427C-A543-8536EDB4F6AA}.Debug|x86.ActiveCfg = Debug|Win32
		{CE14DD1E-5323-427C-A543-8536EDB4F6AA}.Debug|x86.Build.0 = Debug|Win32
		{CE14DD1E-5323-427C-A543-8536EDB4F6AA}.Release|x64.ActiveCfg = Release|x64
		{CE14DD1E-5323-427C-A543-8536EDB4F6AA}.Release|x64.Build.0 = Release|x64
		{CE14DD1E-5323-427C-A543-8536EDB4F6AA}.Release|x86.ActiveCfg = Release|Win32
		{CE14DD1E-5323-427C-A543-8536EDB4F6AA}.Release|x86.Build.0 = Release|Win32
		{AB4F4412-A197-4B4C-9983-B55ACB9E03E4}.Debug|x64.ActiveCfg = Debug|x64
		{AB4F4412-A197-4B4C-9983-B55ACB9E03E4}.Debug|x64.Build.0 = Debug|x64
		{AB4F4412-A197-4B4C-9983-B55ACB9E03E4}.Debug|x86.ActiveCfg = Debug|Win32
		{AB4F4412-A197-4B4C-9983-B55ACB9E03E4}.Debug|x86.Build.0 = Debug|Win32
		{AB4F4412-A197-4B4C-9983-B55ACB9E03E4}.Release|x64.ActiveCfg = Release|x64
		{AB4F4412-A197-4B4C-9983-B55ACB9E03E4}.Release|x64.Build.0 = Release|x64
		{AB4F4412-A197-4B4C-9983-B55ACB9E03E4}.Release|x86.ActiveCfg = Release|Win32
		{AB4F4412-A197-4B4C-9983-B55ACB9E03E4}.Release|x86.Build.0 = Release|Win32
		{7751CD1D-D887-4CA4-81EE-24EE978C1536}.Debug|x64.ActiveCfg = Debug|x64
		{7751CD1D-D887-4CA4-81EE-24EE978C1536}.Debug|x64.Build.0 = Debug|x64
		{7751CD1D-D887-4CA4-81EE-24EE978C1536}.Debug|x86.ActiveCfg = Debug|Win32
		{7751CD1D-D887-4CA4-81EE-24EE978C1536}.Debug|x86.Build.0 = Debug|Win32
		{7751CD1D-D887-4CA4-81EE-24EE978C1536}.Release|x64.ActiveCfg = Release|x64
		{7751CD1D-D887-4CA4-81EE-24EE978C1536}.Release|x64.Build.0 = Release|x64
		{7751CD1D-D887-4CA4-81EE-24EE978C1536}.Release|x86.ActiveCfg = Release|Win32
		{7751CD1D-D887-4CA4-81EE-24EE978C1536}.Release|x86.Build.0 = Release|Win32
		{D98F1324-5D5A-4A1B-A0F4-8D7ED215EEA6}.Debug|x64.ActiveCfg = Debug|x64
		{D98F1324-5D5A-4A1B-A0F4-8D7ED215EEA6}.Debug|x64.Build.0 = Debug|x64
		{D98F1324-5D5A-4A1B-A0F4-8D7ED215EEA6}.Debug|x86.ActiveCfg = Debug|Win32
		{D98F1324-5D5A-4A1B-A0F4-8D7ED215EEA6}.Debug|x86.Build.0 = Debug|Win32
		{D98F1324-5D5A-4A1B-A0F4-8D7ED215EEA6}.Release|x64.ActiveCfg = Release|x64
		{D98F1324-5D5A-4A1B-A0F4-8D7ED215EEA6}.Release|x64.Build.0 = Release|x64
		{D98F1324-5D5A-4A1B-A0F4-8D7ED215EEA6}.Release|x86.ActiveCfg = Release|Win32
		{D98F1324-5D5A-4A1B-A0F4-8D7ED215EEA6}.Release|x86.Build.0 = Release|Win32
		{D6AC1A98-A253-44F4-9BB9-EA066C3DC324}.Debug|x64.ActiveCfg = Debug|x64
		{D6AC1A98-A253-44F4-9BB9-EA066C3DC324}.Debug|x64.Build.0 = Debug|x64
		{D6AC1A98-A253-44F4-9BB9-EA066C3DC324}.Debug|x86.ActiveCfg = Debug|Win32
		{D6AC1A98-A253-44F4-9BB9-EA066C3DC324}.Debug|x86.Build.0 = Debug|Win32
		{D6AC1A98-A253-44F4-9BB9-EA066C3DC324}.Release|x64.ActiveCfg = Release|x64
		{D6AC1A98-A253-44F4-9BB9-EA066C3DC324}.Release|x64.Build.0 = Release|x64
		{D6AC1A98-A253-44F4-9BB9-EA066C3DC324}.Release|x86.ActiveCfg = Release|Win32
		{D6AC1A98-A253-44F4-9BB9-EA066C3DC324}.Release|x86.Build.0 = Release|Win32
		{7E082D20-71FE-4C07-93BC-DD05F4A572A2}.Debug|x64.ActiveCfg = Debug|x64
		{7E082D20-71FE-4C07-93BC-DD05F4A572A2}.Debug|x64.Build.0 = Debug|x64
		{7E082D20-71FE-4C07-93BC-DD05F4A572A2}.Debug|x86.ActiveCfg = Debug|Win32
		{7E082D20-71FE-4C07-93BC-DD05F4A572A2}.Debug|x86.Build.0 = Debug|Win32
		{7E082D20-71FE-4C07-93BC-DD05F4A572A2}.Release|x64.ActiveCfg = Release|x64
		{7E082D20-71FE-4C07-93BC-DD05F4A572A2}.Release|x64.Build.0 = Release|x64
		{7E082D20-71FE-4C07-93BC-DD05F4A572A2}.Release|x86.ActiveCfg = Release|Win32
		{7E082D20-71FE-4C07-93BC-DD05F4A572A2}.Release|x86.Build.0 = Release|Win32
		{0F6634D4-CF72-4940-934B-B1296E7E16F6}.Debug|x64.ActiveCfg = Debug|x64
		{0F6634D4-CF72-4940-934B-B1296E7E16F6}.Debug|x64.Build.0 = Debug|x64
		{0F6634D4-CF72-4940-934B-B1296E7E16F6}.Debug|x86.ActiveCfg = Debug|Win32
		{0F6634D4-CF72-4940-934B-B1296E7E16F6}.Debug|x86.Build.0 = Debug|Win32
		{0F6634D4-CF72-4940-934B-B1296E7E16F6}.Release|x64.ActiveCfg = Release|x64
		{0F6634D4-CF72-4940-934B-B1296E7E16F6}.Release|x64.Build.0 = Release|x64
		{0F6634D4-CF72-4940-934B-B1296E7E16F6}.Release|x86.ActiveCfg = Release|Win32
		{0F6634D4-CF72-4940-934B-B1296E7E16F6}.Release|x86.Build.0 = Release|Win32
		{D766D612-677C-4B94-8E23-5D12C91EB6C7}.Debug|x64.ActiveCfg = Debug|x64
		{D766D612-677C-4B94-8E23-5D12C91EB6C7}.Debug|x64.Build.0 = Debug|x64
		{D766D612-677C-4B94-8E23-5D12C91EB6C7}.Debug|x86.ActiveCfg = Debug|Win32
		{D766D612-677C-4B94-8E23-5D12C91EB6C7}.Debug|x86.Build.0 = Debug|Win32
		{D766D612-677C-4B94-8E23-5D12C91EB6C7}.Release|x64.ActiveCfg = Release|x64
		{D766D612-677C-4B94-8E23-5D12C91EB6C7}.Release|x64.Build.0 = Release|x64
		{D766D612-677C-4B94-8E23-5D12C91EB6C7}.Release|x86.ActiveCfg = Release|Win32
		{D766D612-677C-4B94-8E23-5D12C91EB6C7}.Release|x86.Build.0 = Release|Win32
		{FC62D2F0-BDA1-46DA-A0FC-F5A1622D4E30}.Debug|x64.ActiveCfg = Debug|x64
		{FC62D2F0-BDA1-46DA-A0FC-F5A1622D4E30}.Debug|x64.Build.0 = Debug|x64
		{FC62D2F0-BDA1-46DA-A0FC-F5A1622D4E30}.Debug|x86.ActiveCfg = Debug|Win32
		{FC62D2F0-BDA1-46DA-A0FC-F5A1622D4E30}.Debug|x86.Build.0 = Debug|Win32
		{FC62D2F0-BDA1-46DA-A0FC-F5A1622D4E30}.Release|x64.ActiveCfg = Release|x64
		{FC62D2F0-BDA1-46DA-A0FC-F5A1622D4E30}.Release|x64.Build.0 = Release|x64
		{FC62D2F0-BDA1-46DA-A0FC-F5A1622D4E30}.Release|x86.ActiveCfg = Release|Win32
		{FC62D2F0-BDA1-46DA-A0FC-F5A1622D4E30}.Release|x86.Build.0 = Release|Win32
		{17839E26-C804-4DD7-888D-45165775ED57}.Debug|x64.ActiveCfg = Debug|x64
		{17839E26-C804-4DD7-888D-45165775ED57}.Debug|x64.Build.0 = Debug|x64
		{17839E26-C804-4DD7-888D-45165775ED57}.Debug|x86.ActiveCfg = Debug|Win32
		{17839E26-C804-4DD7-888D-45165775ED57}.Debug|x86.Build.0 = Debug|Win32
		{17839E26-C804-4DD7-888D-45165775ED57}.Release|x64.ActiveCfg = Release|x64
		{17839E26-C804-4DD7-888D-45165775ED57}.Release|x64.Build.0 = Release|x64
		{17839E26-C804-4DD7-888D-45165775ED57}.Release|x86.ActiveCfg = Release|Win32
		{17839E26-C804-4DD7-888D-45165775ED57}.Release|x86.Build.0 = Release|Win32
		{38308588-1463-4BCE-A089-87159A3012A6}.Debug|x64.ActiveCfg = Debug|x64
		{38308588-1463-4BCE-A089-87159A3012A6}.Debug|x64.Build.0 = Debug|x64
		{38308588-1463-4BCE-A089-87159A3012A6}.Debug|x86.ActiveCfg = Debug|Win32
		{38308588-1463-4BCE-A089-87159A3012A6}.Debug|x86.Build.0 = Debug|Win32
		{38308588-1463-4BCE-A089-87159A3012A6}.Release|x64.ActiveCfg = Release|x64
		{38308588-1463-4BCE-A089-87159A3012A6}.Release|x64.Build.0 = Release|x64
		{38308588-1463-4BCE-A089-87159A3012A6}.Release|x86.ActiveCfg = Release|Win32
		{38308588-1463-4BCE-A089-87159A3012A6}.Release|x86.Build.0 = Release|Win32
		{A61F3B97-97C2-4197-906F-C2FF5FBF83EB}.Debug|x64.ActiveCfg = Debug|x64
		{A61F3B97-97C2-4197-906F-C2FF5FBF83EB}.Debug|x64.Build.0 = Debug|x64
		{A61F3B97-97C2-4197-906F-C2FF5FBF83EB}.Debug|x86.ActiveCfg = Debug|Win32
		{A61F3B97-97C2-4197-906F-C2FF5FBF83EB}.Debug|x86.Build.0 = Debug|Win32
		{A61F3B97-97C2-4197-906F-C2FF5FBF83EB}.Release|x64.ActiveCfg = Release|x64
		{A61F3B97-97C2-4197-906F-C2FF5FBF83EB}.Release|x64.Build.0 = Release|x64
		{A61F3B97-97C2-4197-906F-C2FF5FBF83EB}.Release|x86.ActiveCfg = Release|Win32
		{A61F3B97-97C2-4197-906F-C2FF5FBF83EB}.Release|x86.Build.0 = Release|Win32
		{AFA91D16-E263-4274-A4CA-FD611D09B703}.Debug|x64.ActiveCfg = Debug|x64
		{AFA91D16-E263-4274-A4CA-FD611D09B703}.Debug|x64.Build.0 = Debug|x64
		{AFA91D16-E263-4274-A4CA-FD611D09B703}.Debug|x86.ActiveCfg = Debug|Win32
		{AFA91D16-E263-4274-A4CA-FD611D09B703}.Debug|x86.Build.0 = Debug|Win32
		{AFA91D16-E263-4274-A4CA-FD611D09B703}.Release|x64.ActiveCfg = Release|x64
		{AFA91D16-E263-4274-A4CA-FD611D09B703}.Release|x64.Build.0 = Release|x64
		{AFA91D16-E263-4274-A4CA-FD611D09B703}.Release|x86.ActiveCfg = Release|Win32
		{AFA91D16-E263-4274-A4CA-FD611D09B703}.Release|x86.Build.0 = Release|Win32
	EndGlobalSection
	GlobalSection(SolutionProperties) = preSolution
		HideSolutionNode = FALSE
	EndGlobalSection
	GlobalSection(NestedProjects) = preSolution
		{5F37E4E5-A44E-49F9-BEA8-272A5799A25D} = {583D3AB5-9A01-459E-A20E-2F213A023D60}
		{22A8BD59-6774-469E-83EB-0CDB87F2EDBA} = {583D3AB5-9A01-459E-A20E-2F213A023D60}
		{B09862BD-E701-4455-82F0-0693E0E3C0AF} = {583D3AB5-9A01-459E-A20E-2F213A023D60}
		{191FFB46-53A7-445F-9231-D8A4B202645D} = {583D3AB5-9A01-459E-A20E-2F213A023D60}
		{12004317-4AAC-4DB3-B449-C79707332568} = {583D3AB5-9A01-459E-A20E-2F213A023D60}
		{0E1C74AB-363D-4783-8EC5-DAC5940A73E3} = {583D3AB5-9A01-459E-A20E-2F213A023D60}
		{EBD67DA5-2F66-4A60-B112-EA44085289AD} = {583D3AB5-9A01-459E-A20E-2F213A023D60}
		{71D0286B-8B00-4839-9354-3BA60FAB3D08} = {583D3AB5-9A01-459E-A20E-2F213A023D60}
		{5FD75A95-9398-43F5-BDA0-62CCE83CA529} = {583D3AB5-9A01-459E-A20E-2F213A023D60}
		{17EFEAAE-985F-4BCF-978B-B0DDBBCD0342} = {583D3AB5-9A01-459E-A20E-2F213A023D60}
		{0706251E-CA9D-4E0B-A089-44D5C6738B35} = {583D3AB5-9A01-459E-A20E-2F213A023D60}
		{7A2560A7-50EC-4C09-BF9A-8748814F0262} = {D59D6BBD-824C-44A2-BCCB-CA6E910A1BEC}
		{9E83D923-8B5D-405D-B684-F52E76351252} = {D59D6BBD-824C-44A2-BCCB-CA6E910A1BEC}
		{9AF3B80C-551B-4351-A76D-BE1487399802} = {D59D6BBD-824C-44A2-BCCB-CA6E910A1BEC}
		{A7BD75BE-475F-4F5A-B8D1-E08A4F83270D} = {D59D6BBD-824C-44A2-BCCB-CA6E910A1BEC}
		{4FC9F032-D086-4F96-9B80-D1F047CB2DB1} = {D59D6BBD-824C-44A2-BCCB-CA6E910A1BEC}
		{691B7CC0-CC27-4EBE-93F0-A6D9E1EC898D} = {D59D6BBD-824C-44A2-BCCB-CA6E910A1BEC}
		{F49B2F1F-BB6C-4FB7-8051-4B84006B2BE2} = {D59D6BBD-824C-44A2-BCCB-CA6E910A1BEC}
		{BCDF551F-0C8C-4F75-B5F0-05829686BB94} = {D59D6BBD-824C-44A2-BCCB-CA6E910A1BEC}
		{75F94365-117F-4A69-B91E-CD690038E084} = {D59D6BBD-824C-44A2-BCCB-CA6E910A1BEC}
		{E673A891-07AD-4EC1-BC91-503E58165CD9} = {D59D6BBD-824C-44A2-BCCB-CA6E910A1BEC}
		{441358BF-1463-4C2E-A0D3-F5594A7C4A98} = {D59D6BBD-824C-44A2-BCCB-CA6E910A1BEC}
		{C69CD255-A0C2-4ECC-BA6B-1E865BD1F868} = {D59D6BBD-824C-44A2-BCCB-CA6E910A1BEC}
		{916FD457-D33C-4FD4-9D2B-288611BB6E4F} = {858FDCC9-E46F-4495-9317-B97E04441130}
		{1DCB6ECD-14A7-4CAD-9CD2-744F777C8C91} = {858FDCC9-E46F-4495-9317-B97E04441130}
		{466392AB-6BB6-4C9A-A01A-26F82D44AFFE} = {1DCB6ECD-14A7-4CAD-9CD2-744F777C8C91}
		{CFABC53F-A72E-470A-B604-18EC5372DD58} = {1DCB6ECD-14A7-4CAD-9CD2-744F777C8C91}
		{E6A06890-F1C6-4F2F-B6F4-720003AC78A1} = {875A0F96-F474-47B8-8C13-2C06CB571891}
		{B015DC3D-E73F-4E6F-B581-C909CA4FCD29} = {875A0F96-F474-47B8-8C13-2C06CB571891}
		{6BDA9AC1-69D6-4325-BD64-60FE67A74FE8} = {875A0F96-F474-47B8-8C13-2C06CB571891}
		{F20D2F0C-A412-469D-B203-F012B6A0DD92} = {875A0F96-F474-47B8-8C13-2C06CB571891}
		{CE14DD1E-5323-427C-A543-8536EDB4F6AA} = {F20D2F0C-A412-469D-B203-F012B6A0DD92}
		{AB4F4412-A197-4B4C-9983-B55ACB9E03E4} = {F20D2F0C-A412-469D-B203-F012B6A0DD92}
		{7751CD1D-D887-4CA4-81EE-24EE978C1536} = {841BEA3C-A623-46A8-A3C1-D6E355FC8610}
		{D98F1324-5D5A-4A1B-A0F4-8D7ED215EEA6} = {841BEA3C-A623-46A8-A3C1-D6E355FC8610}
		{D6AC1A98-A253-44F4-9BB9-EA066C3DC324} = {841BEA3C-A623-46A8-A3C1-D6E355FC8610}
		{7E082D20-71FE-4C07-93BC-DD05F4A572A2} = {841BEA3C-A623-46A8-A3C1-D6E355FC8610}
		{0F6634D4-CF72-4940-934B-B1296E7E16F6} = {841BEA3C-A623-46A8-A3C1-D6E355FC8610}
		{D766D612-677C-4B94-8E23-5D12C91EB6C7} = {841BEA3C-A623-46A8-A3C1-D6E355FC8610}
		{FC62D2F0-BDA1-46DA-A0FC-F5A1622D4E30} = {841BEA3C-A623-46A8-A3C1-D6E355FC8610}
		{17839E26-C804-4DD7-888D-45165775ED57} = {841BEA3C-A623-46A8-A3C1-D6E355FC8610}
		{38308588-1463-4BCE-A089-87159A3012A6} = {B5A470CC-4FA8-4484-9C38-BCCA0CDEC9A3}
		{A61F3B97-97C2-4197-906F-C2FF5FBF83EB} = {B5A470CC-4FA8-4484-9C38-BCCA0CDEC9A3}
		{AFA91D16-E263-4274-A4CA-FD611D09B703} = {B5A470CC-4FA8-4484-9C38-BCCA0CDEC9A3}
	EndGlobalSection
	GlobalSection(ExtensibilityGlobals) = postSolution
		SolutionGuid = {D20E22C5-5AF1-4365-8D05-6DC6D0BE553D}
	EndGlobalSection
EndGlobal
